
Microsoft Visual Studio Solution File, Format Version 12.00
# Visual Studio Version 17
VisualStudioVersion = 17.0.31903.59
MinimumVisualStudioVersion = 10.0.40219.1
Project("{FAE04EC0-301F-11D3-BF4B-00C04F79EFBC}") = "Day26_1", "Day26_1\Day26_1.csproj", "{C730EAE1-8B62-4D2D-B3CC-5316FDFFCF33}"
EndProject
Global
	GlobalSection(SolutionConfigurationPlatforms) = preSolution
		Debug|Any CPU = Debug|Any CPU
		Release|Any CPU = Release|Any CPU
	EndGlobalSection
	GlobalSection(SolutionProperties) = preSolution
		HideSolutionNode = FALSE
	EndGlobalSection
	GlobalSection(ProjectConfigurationPlatforms) = postSolution
		{C730EAE1-8B62-4D2D-B3CC-5316FDFFCF33}.Debug|Any CPU.ActiveCfg = Debug|Any CPU
		{C730EAE1-8B62-4D2D-B3CC-5316FDFFCF33}.Debug|Any CPU.Build.0 = Debug|Any CPU
		{C730EAE1-8B62-4D2D-B3CC-5316FDFFCF33}.Release|Any CPU.ActiveCfg = Release|Any CPU
		{C730EAE1-8B62-4D2D-B3CC-5316FDFFCF33}.Release|Any CPU.Build.0 = Release|Any CPU
	EndGlobalSection
EndGlobal
