
Microsoft Visual Studio Solution File, Format Version 12.00
# Visual Studio Version 17
VisualStudioVersion = 17.0.31903.59
MinimumVisualStudioVersion = 10.0.40219.1
Project("{FAE04EC0-301F-11D3-BF4B-00C04F79EFBC}") = "Day7_1", "Day7_1\Day7_1.csproj", "{76015A85-F0C7-4669-B4B4-FAFE976AFC2D}"
EndProject
Project("{FAE04EC0-301F-11D3-BF4B-00C04F79EFBC}") = "Day7_2", "Day7_2\Day7_2.csproj", "{A080BB43-0BA4-432C-AEBC-19633A740628}"
EndProject
Global
	GlobalSection(SolutionConfigurationPlatforms) = preSolution
		Debug|Any CPU = Debug|Any CPU
		Release|Any CPU = Release|Any CPU
	EndGlobalSection
	GlobalSection(SolutionProperties) = preSolution
		HideSolutionNode = FALSE
	EndGlobalSection
	GlobalSection(ProjectConfigurationPlatforms) = postSolution
		{76015A85-F0C7-4669-B4B4-FAFE976AFC2D}.Debug|Any CPU.ActiveCfg = Debug|Any CPU
		{76015A85-F0C7-4669-B4B4-FAFE976AFC2D}.Debug|Any CPU.Build.0 = Debug|Any CPU
		{76015A85-F0C7-4669-B4B4-FAFE976AFC2D}.Release|Any CPU.ActiveCfg = Release|Any CPU
		{76015A85-F0C7-4669-B4B4-FAFE976AFC2D}.Release|Any CPU.Build.0 = Release|Any CPU
		{A080BB43-0BA4-432C-AEBC-19633A740628}.Debug|Any CPU.ActiveCfg = Debug|Any CPU
		{A080BB43-0BA4-432C-AEBC-19633A740628}.Debug|Any CPU.Build.0 = Debug|Any CPU
		{A080BB43-0BA4-432C-AEBC-19633A740628}.Release|Any CPU.ActiveCfg = Release|Any CPU
		{A080BB43-0BA4-432C-AEBC-19633A740628}.Release|Any CPU.Build.0 = Release|Any CPU
	EndGlobalSection
EndGlobal
